
Microsoft Visual Studio Solution File, Format Version 12.00
# Visual Studio Version 16
VisualStudioVersion = 16.0.31613.86
MinimumVisualStudioVersion = 10.0.40219.1
Project("{FAE04EC0-301F-11D3-BF4B-00C04F79EFBC}") = "Entidades", "Entidades\Entidades.csproj", "{F9F540BA-4CDD-4560-ADA5-BCDAAF9ABD5C}"
EndProject
Project("{FAE04EC0-301F-11D3-BF4B-00C04F79EFBC}") = "MiCalculadora", "MiCalculadora\MiCalculadora.csproj", "{E059A115-BADD-4498-8DEB-DEDE47012FC0}"
EndProject
Global
	GlobalSection(SolutionConfigurationPlatforms) = preSolution
		Debug|Any CPU = Debug|Any CPU
		Release|Any CPU = Release|Any CPU
	EndGlobalSection
	GlobalSection(ProjectConfigurationPlatforms) = postSolution
		{F9F540BA-4CDD-4560-ADA5-BCDAAF9ABD5C}.Debug|Any CPU.ActiveCfg = Debug|Any CPU
		{F9F540BA-4CDD-4560-ADA5-BCDAAF9ABD5C}.Debug|Any CPU.Build.0 = Debug|Any CPU
		{F9F540BA-4CDD-4560-ADA5-BCDAAF9ABD5C}.Release|Any CPU.ActiveCfg = Release|Any CPU
		{F9F540BA-4CDD-4560-ADA5-BCDAAF9ABD5C}.Release|Any CPU.Build.0 = Release|Any CPU
		{E059A115-BADD-4498-8DEB-DEDE47012FC0}.Debug|Any CPU.ActiveCfg = Debug|Any CPU
		{E059A115-BADD-4498-8DEB-DEDE47012FC0}.Debug|Any CPU.Build.0 = Debug|Any CPU
		{E059A115-BADD-4498-8DEB-DEDE47012FC0}.Release|Any CPU.ActiveCfg = Release|Any CPU
		{E059A115-BADD-4498-8DEB-DEDE47012FC0}.Release|Any CPU.Build.0 = Release|Any CPU
	EndGlobalSection
	GlobalSection(SolutionProperties) = preSolution
		HideSolutionNode = FALSE
	EndGlobalSection
	GlobalSection(ExtensibilityGlobals) = postSolution
		SolutionGuid = {A7F662F3-ACAC-4004-BE89-16A8EB82A448}
	EndGlobalSection
EndGlobal
